Microsoft Visual Studio Solution File, Format Version 11.00
# Visual Studio 2008

Project("{2DA94543-89CD-D6EB-AD81-76FEEFE2A09D}") = "Totogro 2", "Assembly-CSharp.csproj", "{3033DC2C-5CFE-9EBE-F090-7B0E7FC36A29}"
EndProject
Global
	GlobalSection(SolutionConfigurationPlatforms) = preSolution
		Debug|Any CPU = Debug|Any CPU
		Release|Any CPU = Release|Any CPU
	EndGlobalSection
	GlobalSection(ProjectConfigurationPlatforms) = postSolution
		{3033DC2C-5CFE-9EBE-F090-7B0E7FC36A29}.Debug|Any CPU.ActiveCfg = Debug|Any CPU
		{3033DC2C-5CFE-9EBE-F090-7B0E7FC36A29}.Debug|Any CPU.Build.0 = Debug|Any CPU
		{3033DC2C-5CFE-9EBE-F090-7B0E7FC36A29}.Release|Any CPU.ActiveCfg = Release|Any CPU
		{3033DC2C-5CFE-9EBE-F090-7B0E7FC36A29}.Release|Any CPU.Build.0 = Release|Any CPU
	EndGlobalSection
	GlobalSection(SolutionProperties) = preSolution
		HideSolutionNode = FALSE
	EndGlobalSection
	GlobalSection(MonoDevelopProperties) = preSolution
		StartupItem = Assembly-CSharp.csproj
	EndGlobalSection
EndGlobal
